github.com/CaiJimmy/hugo-theme-stack/v3 v3.33.0 h1:ht00aUT5VOxuh0cq4ek6uuGMze2/pDgjxYDVCJfb3Wk=
github.com/CaiJimmy/hugo-theme-stack/v3 v3.33.0/go.mod h1:IPmCXiIxlFSLFYS0tOmYP6ySLviyeNVSabyvSuaxD+I=
github.com/CaiJimmy/hugo-theme-stack/v4 v4.0.0-beta.13 h1:721YH7zBimaUZoR6yg9HVe62ljQgkGQZpiKJPDX6vUw=
github.com/CaiJimmy/hugo-theme-stack/v4 v4.0.0-beta.13/go.mod h1:6SWZIQIut6uVjxhLraexYzgtdNDrod0xnfM/to6D/1I=
